// !$*UTF8*$!
{
	archiveVersion = 1;
	classes = {
	};
	objectVersion = 46;
	objects = {

/* Begin PBXAggregateTarget section */
		6D01886909B611E0008C1160 /* All */ = {
			isa = PBXAggregateTarget;
			buildConfigurationList = 6D01887509B61235008C1160 /* Build configuration list for PBXAggregateTarget "All" */;
			buildPhases = (
			);
			dependencies = (
				6DB2D1A309C1805500B4D9B8 /* PBXTargetDependency */,
				6DFF000709BCB76600CCE709 /* PBXTargetDependency */,
			);
			name = All;
			productName = All;
		};
/* End PBXAggregateTarget section */

/* Begin PBXBuildFile section */
		6D5CE905209AFB3500E24EB7 /* MaxAPI.framework in Frameworks */ = {isa = PBXBuildFile; fileRef = 6D5CE903209AFB3500E24EB7 /* MaxAPI.framework */; };
		6D5CE906209AFB3500E24EB7 /* MaxAPI.framework in Frameworks */ = {isa = PBXBuildFile; fileRef = 6D5CE903209AFB3500E24EB7 /* MaxAPI.framework */; };
		6D5CE907209AFB3500E24EB7 /* MaxLua.framework in Frameworks */ = {isa = PBXBuildFile; fileRef = 6D5CE904209AFB3500E24EB7 /* MaxLua.framework */; };
		6D5CE908209AFB3500E24EB7 /* MaxLua.framework in Frameworks */ = {isa = PBXBuildFile; fileRef = 6D5CE904209AFB3500E24EB7 /* MaxLua.framework */; };
		6D6F46DE09C17EDA003242AA /* vbap.cpp in Sources */ = {isa = PBXBuildFile; fileRef = 6D6F46DC09C17EDA003242AA /* vbap.cpp */; };
		6DB2D1A109C1804A00B4D9B8 /* define_loudspeakers.cpp in Sources */ = {isa = PBXBuildFile; fileRef = 6D6F46DB09C17EDA003242AA /* define_loudspeakers.cpp */; };
/* End PBXBuildFile section */

/* Begin PBXContainerItemProxy section */
		6DB2D1A209C1805500B4D9B8 /* PBXContainerItemProxy */ = {
			isa = PBXContainerItemProxy;
			containerPortal = 089C1669FE841209C02AAC07 /* Project object */;
			proxyType = 1;
			remoteGlobalIDString = 6DB2D18609C17FF900B4D9B8;
			remoteInfo = define_loudspeakers;
		};
		6DFF000609BCB76600CCE709 /* PBXContainerItemProxy */ = {
			isa = PBXContainerItemProxy;
			containerPortal = 089C1669FE841209C02AAC07 /* Project object */;
			proxyType = 1;
			remoteGlobalIDString = 6DFFFFD009BCB6A800CCE709;
			remoteInfo = "bzhtec.solomute~";
		};
/* End PBXContainerItemProxy section */

/* Begin PBXFileReference section */
		6D116AF009C41A0D00705233 /* Info-define_loudspeakers.plist */ = {isa = PBXFileReference; fileEncoding = 30; lastKnownFileType = text.plist.xml; name = "Info-define_loudspeakers.plist"; path = "src/Info-define_loudspeakers.plist"; sourceTree = "<group>"; };
		6D116AF109C41A0D00705233 /* Info-vbap.plist */ = {isa = PBXFileReference; fileEncoding = 30; lastKnownFileType = text.plist.xml; name = "Info-vbap.plist"; path = "src/Info-vbap.plist"; sourceTree = "<group>"; };
		6D5CE903209AFB3500E24EB7 /* MaxAPI.framework */ = {isa = PBXFileReference; lastKnownFileType = wrapper.framework; name = MaxAPI.framework; path = "SDK/max-sdk-7.3.3/source/c74support/max-includes/MaxAPI.framework"; sourceTree = "<group>"; };
		6D5CE904209AFB3500E24EB7 /* MaxLua.framework */ = {isa = PBXFileReference; lastKnownFileType = wrapper.framework; name = MaxLua.framework; path = "SDK/max-sdk-7.3.3/source/c74support/max-includes/MaxLua.framework"; sourceTree = "<group>"; };
		6D6BB64509FCC38C00E26C50 /* define_loudspeakers.h */ = {isa = PBXFileReference; fileEncoding = 30; lastKnownFileType = sourcecode.c.h; name = define_loudspeakers.h; path = src/define_loudspeakers.h; sourceTree = "<group>"; };
		6D6F46DB09C17EDA003242AA /* define_loudspeakers.cpp */ = {isa = PBXFileReference; fileEncoding = 30; lastKnownFileType = sourcecode.cpp.cpp; name = define_loudspeakers.cpp; path = src/define_loudspeakers.cpp; sourceTree = "<group>"; };
		6D6F46DC09C17EDA003242AA /* vbap.cpp */ = {isa = PBXFileReference; fileEncoding = 30; lastKnownFileType = sourcecode.cpp.cpp; name = vbap.cpp; path = src/vbap.cpp; sourceTree = "<group>"; };
		6D812195151859760054FAFB /* Accelerate.framework */ = {isa = PBXFileReference; lastKnownFileType = wrapper.framework; name = Accelerate.framework; path = System/Library/Frameworks/Accelerate.framework; sourceTree = SDKROOT; };
		6D812196151859760054FAFB /* ApplicationServices.framework */ = {isa = PBXFileReference; lastKnownFileType = wrapper.framework; name = ApplicationServices.framework; path = System/Library/Frameworks/ApplicationServices.framework; sourceTree = SDKROOT; };
		6D812197151859760054FAFB /* CoreFoundation.framework */ = {isa = PBXFileReference; lastKnownFileType = wrapper.framework; name = CoreFoundation.framework; path = System/Library/Frameworks/CoreFoundation.framework; sourceTree = SDKROOT; };
		6D8122A1151859B40054FAFB /* Carbon.framework */ = {isa = PBXFileReference; lastKnownFileType = wrapper.framework; name = Carbon.framework; path = System/Library/Frameworks/Carbon.framework; sourceTree = SDKROOT; };
		6D81233215185E310054FAFB /* Cka-Max61Target.xcconfig */ = {isa = PBXFileReference; fileEncoding = 4; lastKnownFileType = text.xcconfig; path = "Cka-Max61Target.xcconfig"; sourceTree = "<group>"; };
		6DA5283609C30B730043F450 /* vbap.h */ = {isa = PBXFileReference; fileEncoding = 30; lastKnownFileType = sourcecode.c.h; name = vbap.h; path = src/vbap.h; sourceTree = "<group>"; };
		6DB2D19A09C17FF900B4D9B8 /* define_loudspeakers.mxo */ = {isa = PBXFileReference; explicitFileType = wrapper.cfbundle; includeInIndex = 0; path = define_loudspeakers.mxo; sourceTree = BUILT_PRODUCTS_DIR; };
		6DFFFFF209BCB6A800CCE709 /* vbap.mxo */ = {isa = PBXFileReference; explicitFileType = wrapper.cfbundle; includeInIndex = 0; path = vbap.mxo; sourceTree = BUILT_PRODUCTS_DIR; };
/* End PBXFileReference section */

/* Begin PBXFrameworksBuildPhase section */
		6DB2D18D09C17FF900B4D9B8 /* Frameworks */ = {
			isa = PBXFrameworksBuildPhase;
			buildActionMask = 2147483647;
			files = (
				6D5CE908209AFB3500E24EB7 /* MaxLua.framework in Frameworks */,
				6D5CE906209AFB3500E24EB7 /* MaxAPI.framework in Frameworks */,
			);
			runOnlyForDeploymentPostprocessing = 0;
		};
		6DFFFFE409BCB6A800CCE709 /* Frameworks */ = {
			isa = PBXFrameworksBuildPhase;
			buildActionMask = 2147483647;
			files = (
				6D5CE907209AFB3500E24EB7 /* MaxLua.framework in Frameworks */,
				6D5CE905209AFB3500E24EB7 /* MaxAPI.framework in Frameworks */,
			);
			runOnlyForDeploymentPostprocessing = 0;
		};
/* End PBXFrameworksBuildPhase section */

/* Begin PBXGroup section */
		089C166AFE841209C02AAC07 /* logelloop.sound */ = {
			isa = PBXGroup;
			children = (
				6D81233215185E310054FAFB /* Cka-Max61Target.xcconfig */,
				6D116AF009C41A0D00705233 /* Info-define_loudspeakers.plist */,
				6D116AF109C41A0D00705233 /* Info-vbap.plist */,
				08FB77ADFE841716C02AAC07 /* Source */,
				089C167CFE841241C02AAC07 /* Resources */,
				089C1671FE841209C02AAC07 /* External Frameworks and Libraries */,
				19C28FB4FE9D528D11CA2CBB /* Products */,
			);
			name = logelloop.sound;
			sourceTree = "<group>";
		};
		089C1671FE841209C02AAC07 /* External Frameworks and Libraries */ = {
			isa = PBXGroup;
			children = (
				6D5CE903209AFB3500E24EB7 /* MaxAPI.framework */,
				6D5CE904209AFB3500E24EB7 /* MaxLua.framework */,
				6D812195151859760054FAFB /* Accelerate.framework */,
				6D812196151859760054FAFB /* ApplicationServices.framework */,
				6D812197151859760054FAFB /* CoreFoundation.framework */,
				6D8122A1151859B40054FAFB /* Carbon.framework */,
			);
			name = "External Frameworks and Libraries";
			sourceTree = "<group>";
		};
		089C167CFE841241C02AAC07 /* Resources */ = {
			isa = PBXGroup;
			children = (
			);
			name = Resources;
			sourceTree = "<group>";
		};
		08FB77ADFE841716C02AAC07 /* Source */ = {
			isa = PBXGroup;
			children = (
				6DA5283609C30B730043F450 /* vbap.h */,
				6D6F46DC09C17EDA003242AA /* vbap.cpp */,
				6D6BB64509FCC38C00E26C50 /* define_loudspeakers.h */,
				6D6F46DB09C17EDA003242AA /* define_loudspeakers.cpp */,
			);
			name = Source;
			sourceTree = "<group>";
		};
		19C28FB4FE9D528D11CA2CBB /* Products */ = {
			isa = PBXGroup;
			children = (
				6DFFFFF209BCB6A800CCE709 /* vbap.mxo */,
				6DB2D19A09C17FF900B4D9B8 /* define_loudspeakers.mxo */,
			);
			name = Products;
			sourceTree = "<group>";
		};
/* End PBXGroup section */

/* Begin PBXHeadersBuildPhase section */
		6DB2D18709C17FF900B4D9B8 /* Headers */ = {
			isa = PBXHeadersBuildPhase;
			buildActionMask = 2147483647;
			files = (
			);
			runOnlyForDeploymentPostprocessing = 0;
		};
		6DFFFFD109BCB6A800CCE709 /* Headers */ = {
			isa = PBXHeadersBuildPhase;
			buildActionMask = 2147483647;
			files = (
			);
			runOnlyForDeploymentPostprocessing = 0;
		};
/* End PBXHeadersBuildPhase section */

/* Begin PBXNativeTarget section */
		6DB2D18609C17FF900B4D9B8 /* define_loudspeakers */ = {
			isa = PBXNativeTarget;
			buildConfigurationList = 6DB2D19609C17FF900B4D9B8 /* Build configuration list for PBXNativeTarget "define_loudspeakers" */;
			buildPhases = (
				6DB2D18709C17FF900B4D9B8 /* Headers */,
				6DB2D18809C17FF900B4D9B8 /* Resources */,
				6DB2D18B09C17FF900B4D9B8 /* Sources */,
				6DB2D18D09C17FF900B4D9B8 /* Frameworks */,
				6DB2D19509C17FF900B4D9B8 /* Rez */,
			);
			buildRules = (
			);
			comments = "vbap define_loudspeakers";
			dependencies = (
			);
			name = define_loudspeakers;
			productInstallPath = "";
			productName = logelloop.sound;
			productReference = 6DB2D19A09C17FF900B4D9B8 /* define_loudspeakers.mxo */;
			productType = "com.apple.product-type.bundle";
		};
		6DFFFFD009BCB6A800CCE709 /* vbap */ = {
			isa = PBXNativeTarget;
			buildConfigurationList = 6DFFFFEE09BCB6A800CCE709 /* Build configuration list for PBXNativeTarget "vbap" */;
			buildPhases = (
				6DFFFFD109BCB6A800CCE709 /* Headers */,
				6DFFFFDD09BCB6A800CCE709 /* Resources */,
				6DFFFFDF09BCB6A800CCE709 /* Sources */,
				6DFFFFE409BCB6A800CCE709 /* Frameworks */,
				6DFFFFED09BCB6A800CCE709 /* Rez */,
			);
			buildRules = (
			);
			comments = "Signal bypass tool";
			dependencies = (
			);
			name = vbap;
			productInstallPath = "";
			productName = logelloop.sound;
			productReference = 6DFFFFF209BCB6A800CCE709 /* vbap.mxo */;
			productType = "com.apple.product-type.bundle";
		};
/* End PBXNativeTarget section */

/* Begin PBXProject section */
		089C1669FE841209C02AAC07 /* Project object */ = {
			isa = PBXProject;
			attributes = {
				LastUpgradeCheck = 1010;
			};
			buildConfigurationList = 6D12FC800949E8A100AA034B /* Build configuration list for PBXProject "vbap-61" */;
			compatibilityVersion = "Xcode 3.2";
			developmentRegion = English;
			hasScannedForEncodings = 1;
			knownRegions = (
				English,
				Japanese,
				French,
				German,
			);
			mainGroup = 089C166AFE841209C02AAC07 /* logelloop.sound */;
			projectDirPath = "";
			projectRoot = "";
			targets = (
				6D01886909B611E0008C1160 /* All */,
				6DFFFFD009BCB6A800CCE709 /* vbap */,
				6DB2D18609C17FF900B4D9B8 /* define_loudspeakers */,
			);
		};
/* End PBXProject section */

/* Begin PBXResourcesBuildPhase section */
		6DB2D18809C17FF900B4D9B8 /* Resources */ = {
			isa = PBXResourcesBuildPhase;
			buildActionMask = 2147483647;
			files = (
			);
			runOnlyForDeploymentPostprocessing = 0;
		};
		6DFFFFDD09BCB6A800CCE709 /* Resources */ = {
			isa = PBXResourcesBuildPhase;
			buildActionMask = 2147483647;
			files = (
			);
			runOnlyForDeploymentPostprocessing = 0;
		};
/* End PBXResourcesBuildPhase section */

/* Begin PBXRezBuildPhase section */
		6DB2D19509C17FF900B4D9B8 /* Rez */ = {
			isa = PBXRezBuildPhase;
			buildActionMask = 2147483647;
			files = (
			);
			runOnlyForDeploymentPostprocessing = 0;
		};
		6DFFFFED09BCB6A800CCE709 /* Rez */ = {
			isa = PBXRezBuildPhase;
			buildActionMask = 2147483647;
			files = (
			);
			runOnlyForDeploymentPostprocessing = 0;
		};
/* End PBXRezBuildPhase section */

/* Begin PBXSourcesBuildPhase section */
		6DB2D18B09C17FF900B4D9B8 /* Sources */ = {
			isa = PBXSourcesBuildPhase;
			buildActionMask = 2147483647;
			files = (
				6DB2D1A109C1804A00B4D9B8 /* define_loudspeakers.cpp in Sources */,
			);
			runOnlyForDeploymentPostprocessing = 0;
		};
		6DFFFFDF09BCB6A800CCE709 /* Sources */ = {
			isa = PBXSourcesBuildPhase;
			buildActionMask = 2147483647;
			files = (
				6D6F46DE09C17EDA003242AA /* vbap.cpp in Sources */,
			);
			runOnlyForDeploymentPostprocessing = 0;
		};
/* End PBXSourcesBuildPhase section */

/* Begin PBXTargetDependency section */
		6DB2D1A309C1805500B4D9B8 /* PBXTargetDependency */ = {
			isa = PBXTargetDependency;
			target = 6DB2D18609C17FF900B4D9B8 /* define_loudspeakers */;
			targetProxy = 6DB2D1A209C1805500B4D9B8 /* PBXContainerItemProxy */;
		};
		6DFF000709BCB76600CCE709 /* PBXTargetDependency */ = {
			isa = PBXTargetDependency;
			target = 6DFFFFD009BCB6A800CCE709 /* vbap */;
			targetProxy = 6DFF000609BCB76600CCE709 /* PBXContainerItemProxy */;
		};
/* End PBXTargetDependency section */

/* Begin XCBuildConfiguration section */
		6D01887609B61235008C1160 /* Development */ = {
			isa = XCBuildConfiguration;
			buildSettings = {
				CLANG_ENABLE_OBJC_WEAK = YES;
				PRODUCT_NAME = All;
			};
			name = Development;
		};
		6D01887709B61235008C1160 /* Deployment */ = {
			isa = XCBuildConfiguration;
			buildSettings = {
				CLANG_ENABLE_OBJC_WEAK = YES;
				PRODUCT_NAME = All;
			};
			name = Deployment;
		};
		6D01887809B61235008C1160 /* Default */ = {
			isa = XCBuildConfiguration;
			buildSettings = {
				CLANG_ENABLE_OBJC_WEAK = YES;
				PRODUCT_NAME = All;
			};
			name = Default;
		};
		6D12FC810949E8A100AA034B /* Development */ = {
			isa = XCBuildConfiguration;
			baseConfigurationReference = 6D81233215185E310054FAFB /* Cka-Max61Target.xcconfig */;
			buildSettings = {
				ALWAYS_SEARCH_USER_PATHS = NO;
				CLANG_ANALYZER_LOCALIZABILITY_NONLOCALIZED = YES;
				CLANG_WARN_BLOCK_CAPTURE_AUTORELEASING = YES;
				CLANG_WARN_BOOL_CONVERSION = YES;
				CLANG_WARN_COMMA = YES;
				CLANG_WARN_CONSTANT_CONVERSION = YES;
				CLANG_WARN_DEPRECATED_OBJC_IMPLEMENTATIONS = YES;
				CLANG_WARN_EMPTY_BODY = YES;
				CLANG_WARN_ENUM_CONVERSION = YES;
				CLANG_WARN_INFINITE_RECURSION = YES;
				CLANG_WARN_INT_CONVERSION = YES;
				CLANG_WARN_NON_LITERAL_NULL_CONVERSION = YES;
				CLANG_WARN_OBJC_IMPLICIT_RETAIN_SELF = YES;
				CLANG_WARN_OBJC_LITERAL_CONVERSION = YES;
				CLANG_WARN_RANGE_LOOP_ANALYSIS = YES;
				CLANG_WARN_STRICT_PROTOTYPES = YES;
				CLANG_WARN_SUSPICIOUS_MOVE = YES;
				CLANG_WARN_UNREACHABLE_CODE = YES;
				CLANG_WARN__DUPLICATE_METHOD_MATCH = YES;
				COPY_PHASE_STRIP = NO;
				DEPLOYMENT_LOCATION = YES;
				DEPLOYMENT_POSTPROCESSING = YES;
				ENABLE_STRICT_OBJC_MSGSEND = YES;
				ENABLE_TESTABILITY = YES;
				EXPORTED_SYMBOLS_FILE = maxmsp.exp;
				GCC_FAST_MATH = YES;
				GCC_INLINES_ARE_PRIVATE_EXTERN = YES;
				GCC_NO_COMMON_BLOCKS = YES;
				GCC_OPTIMIZATION_LEVEL = 3;
				GCC_PRECOMPILE_PREFIX_HEADER = YES;
				GCC_PREPROCESSOR_DEFINITIONS = MAX;
				GCC_WARN_64_TO_32_BIT_CONVERSION = YES;
				GCC_WARN_ABOUT_RETURN_TYPE = YES;
				GCC_WARN_CHECK_SWITCH_STATEMENTS = YES;
				GCC_WARN_HIDDEN_VIRTUAL_FUNCTIONS = YES;
				GCC_WARN_INITIALIZER_NOT_FULLY_BRACKETED = YES;
				GCC_WARN_MISSING_PARENTHESES = YES;
				GCC_WARN_NON_VIRTUAL_DESTRUCTOR = YES;
				GCC_WARN_TYPECHECK_CALLS_TO_PRINTF = YES;
				GCC_WARN_UNDECLARED_SELECTOR = YES;
				GCC_WARN_UNINITIALIZED_AUTOS = YES;
				GCC_WARN_UNUSED_FUNCTION = NO;
				GCC_WARN_UNUSED_LABEL = YES;
				GCC_WARN_UNUSED_PARAMETER = YES;
				GCC_WARN_UNUSED_VALUE = YES;
				GCC_WARN_UNUSED_VARIABLE = YES;
				GENERATE_PKGINFO_FILE = YES;
				INSTALL_MODE_FLAG = "go-w,a+rX";
				INSTALL_PATH = /;
				MACH_O_TYPE = mh_bundle;
				MACOSX_DEPLOYMENT_TARGET = 10.9;
				ONLY_ACTIVE_ARCH = NO;
				OTHER_CFLAGS = "$(OTHER_CFLAGS)";
				OTHER_CPLUSPLUSFLAGS = "$(OTHER_CPLUSPLUSFLAGS)";
				OTHER_LDFLAGS = "@$(C74SUPPORT)/max-includes/c74_linker_flags.txt";
				PRIVATE_HEADERS_FOLDER_PATH = "$(PRIVATE_HEADERS_FOLDER_PATH)";
				PUBLIC_HEADERS_FOLDER_PATH = "$(CONTENTS_FOLDER_PATH)/Headers";
				SDKROOT = macosx;
				SHARED_PRECOMPS_DIR = "/tmp/com.apple.Xcode.$(UID)/SharedPrecompiledHeaders";
				SKIP_INSTALL = NO;
				STRIP_INSTALLED_PRODUCT = NO;
				WARNING_CFLAGS = (
					"-Wmost",
					"-Wno-four-char-constants",
					"-Wno-unknown-pragmas",
				);
				WRAPPER_EXTENSION = mxo;
			};
			name = Development;
		};
		6D12FC820949E8A100AA034B /* Deployment */ = {
			isa = XCBuildConfiguration;
			baseConfigurationReference = 6D81233215185E310054FAFB /* Cka-Max61Target.xcconfig */;
			buildSettings = {
				ALWAYS_SEARCH_USER_PATHS = NO;
				CLANG_ANALYZER_LOCALIZABILITY_NONLOCALIZED = YES;
				CLANG_WARN_BLOCK_CAPTURE_AUTORELEASING = YES;
				CLANG_WARN_BOOL_CONVERSION = YES;
				CLANG_WARN_COMMA = YES;
				CLANG_WARN_CONSTANT_CONVERSION = YES;
				CLANG_WARN_DEPRECATED_OBJC_IMPLEMENTATIONS = YES;
				CLANG_WARN_EMPTY_BODY = YES;
				CLANG_WARN_ENUM_CONVERSION = YES;
				CLANG_WARN_INFINITE_RECURSION = YES;
				CLANG_WARN_INT_CONVERSION = YES;
				CLANG_WARN_NON_LITERAL_NULL_CONVERSION = YES;
				CLANG_WARN_OBJC_IMPLICIT_RETAIN_SELF = YES;
				CLANG_WARN_OBJC_LITERAL_CONVERSION = YES;
				CLANG_WARN_RANGE_LOOP_ANALYSIS = YES;
				CLANG_WARN_STRICT_PROTOTYPES = YES;
				CLANG_WARN_SUSPICIOUS_MOVE = YES;
				CLANG_WARN_UNREACHABLE_CODE = YES;
				CLANG_WARN__DUPLICATE_METHOD_MATCH = YES;
				COPY_PHASE_STRIP = NO;
				DEPLOYMENT_LOCATION = YES;
				DEPLOYMENT_POSTPROCESSING = YES;
				ENABLE_STRICT_OBJC_MSGSEND = YES;
				EXPORTED_SYMBOLS_FILE = maxmsp.exp;
				GCC_C_LANGUAGE_STANDARD = gnu99;
				GCC_FAST_MATH = YES;
				GCC_INLINES_ARE_PRIVATE_EXTERN = YES;
				GCC_NO_COMMON_BLOCKS = YES;
				GCC_OPTIMIZATION_LEVEL = 3;
				GCC_PRECOMPILE_PREFIX_HEADER = YES;
				GCC_PREPROCESSOR_DEFINITIONS = MAX;
				GCC_UNROLL_LOOPS = YES;
				GCC_WARN_64_TO_32_BIT_CONVERSION = YES;
				GCC_WARN_ABOUT_RETURN_TYPE = YES;
				GCC_WARN_CHECK_SWITCH_STATEMENTS = YES;
				GCC_WARN_HIDDEN_VIRTUAL_FUNCTIONS = YES;
				GCC_WARN_INITIALIZER_NOT_FULLY_BRACKETED = YES;
				GCC_WARN_MISSING_PARENTHESES = YES;
				GCC_WARN_NON_VIRTUAL_DESTRUCTOR = YES;
				GCC_WARN_TYPECHECK_CALLS_TO_PRINTF = YES;
				GCC_WARN_UNDECLARED_SELECTOR = YES;
				GCC_WARN_UNINITIALIZED_AUTOS = YES;
				GCC_WARN_UNUSED_FUNCTION = NO;
				GCC_WARN_UNUSED_LABEL = YES;
				GCC_WARN_UNUSED_PARAMETER = YES;
				GCC_WARN_UNUSED_VALUE = YES;
				GCC_WARN_UNUSED_VARIABLE = YES;
				GENERATE_PKGINFO_FILE = YES;
				INSTALL_MODE_FLAG = "go-w,a+rX";
				INSTALL_PATH = /;
				MACH_O_TYPE = mh_bundle;
				MACOSX_DEPLOYMENT_TARGET = 10.9;
				ONLY_ACTIVE_ARCH = NO;
				OTHER_CFLAGS = "-ftree-vectorize";
				OTHER_CPLUSPLUSFLAGS = "-ftree-vectorize";
				OTHER_LDFLAGS = "@$(C74SUPPORT)/max-includes/c74_linker_flags.txt";
				PRIVATE_HEADERS_FOLDER_PATH = "$(PRIVATE_HEADERS_FOLDER_PATH)";
				PUBLIC_HEADERS_FOLDER_PATH = "$(CONTENTS_FOLDER_PATH)/Headers";
				SDKROOT = macosx;
				SEPARATE_STRIP = YES;
				SHARED_PRECOMPS_DIR = "/tmp/com.apple.Xcode.$(UID)/SharedPrecompiledHeaders";
				SKIP_INSTALL = NO;
				STRIP_INSTALLED_PRODUCT = NO;
				WARNING_CFLAGS = (
					"-Wmost",
					"-Wno-four-char-constants",
					"-Wno-unknown-pragmas",
				);
				WRAPPER_EXTENSION = mxo;
			};
			name = Deployment;
		};
		6D12FC830949E8A100AA034B /* Default */ = {
			isa = XCBuildConfiguration;
			baseConfigurationReference = 6D81233215185E310054FAFB /* Cka-Max61Target.xcconfig */;
			buildSettings = {
				ALWAYS_SEARCH_USER_PATHS = NO;
				CLANG_ANALYZER_LOCALIZABILITY_NONLOCALIZED = YES;
				CLANG_WARN_BLOCK_CAPTURE_AUTORELEASING = YES;
				CLANG_WARN_BOOL_CONVERSION = YES;
				CLANG_WARN_COMMA = YES;
				CLANG_WARN_CONSTANT_CONVERSION = YES;
				CLANG_WARN_DEPRECATED_OBJC_IMPLEMENTATIONS = YES;
				CLANG_WARN_EMPTY_BODY = YES;
				CLANG_WARN_ENUM_CONVERSION = YES;
				CLANG_WARN_INFINITE_RECURSION = YES;
				CLANG_WARN_INT_CONVERSION = YES;
				CLANG_WARN_NON_LITERAL_NULL_CONVERSION = YES;
				CLANG_WARN_OBJC_IMPLICIT_RETAIN_SELF = YES;
				CLANG_WARN_OBJC_LITERAL_CONVERSION = YES;
				CLANG_WARN_RANGE_LOOP_ANALYSIS = YES;
				CLANG_WARN_STRICT_PROTOTYPES = YES;
				CLANG_WARN_SUSPICIOUS_MOVE = YES;
				CLANG_WARN_UNREACHABLE_CODE = YES;
				CLANG_WARN__DUPLICATE_METHOD_MATCH = YES;
				COPY_PHASE_STRIP = NO;
				DEPLOYMENT_LOCATION = YES;
				DEPLOYMENT_POSTPROCESSING = YES;
				ENABLE_STRICT_OBJC_MSGSEND = YES;
				EXPORTED_SYMBOLS_FILE = maxmsp.exp;
				GCC_FAST_MATH = YES;
				GCC_INLINES_ARE_PRIVATE_EXTERN = YES;
				GCC_NO_COMMON_BLOCKS = YES;
				GCC_OPTIMIZATION_LEVEL = 3;
				GCC_PRECOMPILE_PREFIX_HEADER = YES;
				GCC_PREPROCESSOR_DEFINITIONS = MAX;
				GCC_WARN_64_TO_32_BIT_CONVERSION = YES;
				GCC_WARN_ABOUT_RETURN_TYPE = YES;
				GCC_WARN_CHECK_SWITCH_STATEMENTS = YES;
				GCC_WARN_HIDDEN_VIRTUAL_FUNCTIONS = YES;
				GCC_WARN_INITIALIZER_NOT_FULLY_BRACKETED = YES;
				GCC_WARN_MISSING_PARENTHESES = YES;
				GCC_WARN_NON_VIRTUAL_DESTRUCTOR = YES;
				GCC_WARN_TYPECHECK_CALLS_TO_PRINTF = YES;
				GCC_WARN_UNDECLARED_SELECTOR = YES;
				GCC_WARN_UNINITIALIZED_AUTOS = YES;
				GCC_WARN_UNUSED_FUNCTION = NO;
				GCC_WARN_UNUSED_LABEL = YES;
				GCC_WARN_UNUSED_PARAMETER = YES;
				GCC_WARN_UNUSED_VALUE = YES;
				GCC_WARN_UNUSED_VARIABLE = YES;
				GENERATE_PKGINFO_FILE = YES;
				INSTALL_MODE_FLAG = "go-w,a+rX";
				INSTALL_PATH = /;
				MACH_O_TYPE = mh_bundle;
				MACOSX_DEPLOYMENT_TARGET = 10.9;
				ONLY_ACTIVE_ARCH = NO;
				OTHER_CFLAGS = "$(OTHER_CFLAGS)";
				OTHER_CPLUSPLUSFLAGS = "$(OTHER_CPLUSPLUSFLAGS)";
				OTHER_LDFLAGS = "@$(C74SUPPORT)/max-includes/c74_linker_flags.txt";
				PRIVATE_HEADERS_FOLDER_PATH = "$(PRIVATE_HEADERS_FOLDER_PATH)";
				PUBLIC_HEADERS_FOLDER_PATH = "$(CONTENTS_FOLDER_PATH)/Headers";
				SDKROOT = macosx;
				SHARED_PRECOMPS_DIR = "/tmp/com.apple.Xcode.$(UID)/SharedPrecompiledHeaders";
				SKIP_INSTALL = NO;
				STRIP_INSTALLED_PRODUCT = NO;
				WARNING_CFLAGS = (
					"-Wmost",
					"-Wno-four-char-constants",
					"-Wno-unknown-pragmas",
				);
				WRAPPER_EXTENSION = mxo;
			};
			name = Default;
		};
		6DB2D19709C17FF900B4D9B8 /* Development */ = {
			isa = XCBuildConfiguration;
			buildSettings = {
				CLANG_ENABLE_OBJC_WEAK = YES;
				GCC_C_LANGUAGE_STANDARD = gnu99;
				INFOPLIST_FILE = "$(SRCROOT)/src/Info-define_loudspeakers.plist";
				PRODUCT_BUNDLE_IDENTIFIER = "com.v-p.define-loudspeakers";
				PRODUCT_NAME = define_loudspeakers;
				SKIP_INSTALL = NO;
				SYMROOT = build;
			};
			name = Development;
		};
		6DB2D19809C17FF900B4D9B8 /* Deployment */ = {
			isa = XCBuildConfiguration;
			buildSettings = {
				CLANG_ENABLE_OBJC_WEAK = YES;
				INFOPLIST_FILE = "$(SRCROOT)/src/Info-define_loudspeakers.plist";
				PRODUCT_BUNDLE_IDENTIFIER = "com.v-p.define-loudspeakers";
				PRODUCT_NAME = define_loudspeakers;
				SKIP_INSTALL = NO;
				SYMROOT = build;
			};
			name = Deployment;
		};
		6DB2D19909C17FF900B4D9B8 /* Default */ = {
			isa = XCBuildConfiguration;
			buildSettings = {
				CLANG_ENABLE_OBJC_WEAK = YES;
				GCC_C_LANGUAGE_STANDARD = gnu99;
				INFOPLIST_FILE = "$(SRCROOT)/src/Info-define_loudspeakers.plist";
				PRODUCT_BUNDLE_IDENTIFIER = "com.v-p.define-loudspeakers";
				PRODUCT_NAME = define_loudspeakers;
				SKIP_INSTALL = NO;
				SYMROOT = build;
			};
			name = Default;
		};
		6DFFFFEF09BCB6A800CCE709 /* Development */ = {
			isa = XCBuildConfiguration;
			buildSettings = {
				CLANG_ENABLE_OBJC_WEAK = YES;
				GCC_C_LANGUAGE_STANDARD = gnu99;
				INFOPLIST_FILE = "$(SRCROOT)/src/Info-vbap.plist";
				PRODUCT_BUNDLE_IDENTIFIER = "com.v-p.vbap";
				PRODUCT_NAME = vbap;
				SKIP_INSTALL = NO;
				SYMROOT = build;
			};
			name = Development;
		};
		6DFFFFF009BCB6A800CCE709 /* Deployment */ = {
			isa = XCBuildConfiguration;
			buildSettings = {
				CLANG_ENABLE_OBJC_WEAK = YES;
				INFOPLIST_FILE = "$(SRCROOT)/src/Info-vbap.plist";
				PRODUCT_BUNDLE_IDENTIFIER = "com.v-p.vbap";
				PRODUCT_NAME = vbap;
				SKIP_INSTALL = NO;
				SYMROOT = build;
			};
			name = Deployment;
		};
		6DFFFFF109BCB6A800CCE709 /* Default */ = {
			isa = XCBuildConfiguration;
			buildSettings = {
				CLANG_ENABLE_OBJC_WEAK = YES;
				GCC_C_LANGUAGE_STANDARD = gnu99;
				INFOPLIST_FILE = "$(SRCROOT)/src/Info-vbap.plist";
				PRODUCT_BUNDLE_IDENTIFIER = "com.v-p.vbap";
				PRODUCT_NAME = vbap;
				SKIP_INSTALL = NO;
				SYMROOT = build;
			};
			name = Default;
		};
/* End XCBuildConfiguration section */

/* Begin XCConfigurationList section */
		6D01887509B61235008C1160 /* Build configuration list for PBXAggregateTarget "All" */ = {
			isa = XCConfigurationList;
			buildConfigurations = (
				6D01887609B61235008C1160 /* Development */,
				6D01887709B61235008C1160 /* Deployment */,
				6D01887809B61235008C1160 /* Default */,
			);
			defaultConfigurationIsVisible = 0;
			defaultConfigurationName = Default;
		};
		6D12FC800949E8A100AA034B /* Build configuration list for PBXProject "vbap-61" */ = {
			isa = XCConfigurationList;
			buildConfigurations = (
				6D12FC810949E8A100AA034B /* Development */,
				6D12FC820949E8A100AA034B /* Deployment */,
				6D12FC830949E8A100AA034B /* Default */,
			);
			defaultConfigurationIsVisible = 0;
			defaultConfigurationName = Default;
		};
		6DB2D19609C17FF900B4D9B8 /* Build configuration list for PBXNativeTarget "define_loudspeakers" */ = {
			isa = XCConfigurationList;
			buildConfigurations = (
				6DB2D19709C17FF900B4D9B8 /* Development */,
				6DB2D19809C17FF900B4D9B8 /* Deployment */,
				6DB2D19909C17FF900B4D9B8 /* Default */,
			);
			defaultConfigurationIsVisible = 0;
			defaultConfigurationName = Default;
		};
		6DFFFFEE09BCB6A800CCE709 /* Build configuration list for PBXNativeTarget "vbap" */ = {
			isa = XCConfigurationList;
			buildConfigurations = (
				6DFFFFEF09BCB6A800CCE709 /* Development */,
				6DFFFFF009BCB6A800CCE709 /* Deployment */,
				6DFFFFF109BCB6A800CCE709 /* Default */,
			);
			defaultConfigurationIsVisible = 0;
			defaultConfigurationName = Default;
		};
/* End XCConfigurationList section */
	};
	rootObject = 089C1669FE841209C02AAC07 /* Project object */;
}
